<?xml version="1.0" encoding="UTF-8"?>
<CodeBlocks_project_file>
	<FileVersion major="1" minor="6"/>
	<Project>
		<Option title="privchat"/>
		<Option makefile_is_custom="1"/>
		<Option compiler="gcc"/>
		<Option virtualFolders="CMake Files\;"/>
		<Build>
			<Target title="all">
				<Option working_dir="/Users/admin/putao_ios/privchat/imsdk"/>
				<Option type="4"/>
				<MakeCommands>
					<Build command="/usr/bin/make -f &quot;/Users/admin/putao_ios/privchat/imsdk/Makefile&quot;  VERBOSE=1 all"/>
					<CompileFile command="/usr/bin/make -f &quot;/Users/admin/putao_ios/privchat/imsdk/Makefile&quot;  VERBOSE=1 &quot;$file&quot;"/>
					<Clean command="/usr/bin/make -f &quot;/Users/admin/putao_ios/privchat/imsdk/Makefile&quot;  VERBOSE=1 clean"/>
					<DistClean command="/usr/bin/make -f &quot;/Users/admin/putao_ios/privchat/imsdk/Makefile&quot;  VERBOSE=1 clean"/>
				</MakeCommands>
			</Target>
			<Target title="install/local">
				<Option working_dir="/Users/admin/putao_ios/privchat/imsdk"/>
				<Option type="4"/>
				<MakeCommands>
					<Build command="/usr/bin/make -f &quot;/Users/admin/putao_ios/privchat/imsdk/Makefile&quot;  VERBOSE=1 install/local"/>
					<CompileFile command="/usr/bin/make -f &quot;/Users/admin/putao_ios/privchat/imsdk/Makefile&quot;  VERBOSE=1 &quot;$file&quot;"/>
					<Clean command="/usr/bin/make -f &quot;/Users/admin/putao_ios/privchat/imsdk/Makefile&quot;  VERBOSE=1 clean"/>
					<DistClean command="/usr/bin/make -f &quot;/Users/admin/putao_ios/privchat/imsdk/Makefile&quot;  VERBOSE=1 clean"/>
				</MakeCommands>
			</Target>
			<Target title="install/strip">
				<Option working_dir="/Users/admin/putao_ios/privchat/imsdk"/>
				<Option type="4"/>
				<MakeCommands>
					<Build command="/usr/bin/make -f &quot;/Users/admin/putao_ios/privchat/imsdk/Makefile&quot;  VERBOSE=1 install/strip"/>
					<CompileFile command="/usr/bin/make -f &quot;/Users/admin/putao_ios/privchat/imsdk/Makefile&quot;  VERBOSE=1 &quot;$file&quot;"/>
					<Clean command="/usr/bin/make -f &quot;/Users/admin/putao_ios/privchat/imsdk/Makefile&quot;  VERBOSE=1 clean"/>
					<DistClean command="/usr/bin/make -f &quot;/Users/admin/putao_ios/privchat/imsdk/Makefile&quot;  VERBOSE=1 clean"/>
				</MakeCommands>
			</Target>
			<Target title="install">
				<Option working_dir="/Users/admin/putao_ios/privchat/imsdk"/>
				<Option type="4"/>
				<MakeCommands>
					<Build command="/usr/bin/make -f &quot;/Users/admin/putao_ios/privchat/imsdk/Makefile&quot;  VERBOSE=1 install"/>
					<CompileFile command="/usr/bin/make -f &quot;/Users/admin/putao_ios/privchat/imsdk/Makefile&quot;  VERBOSE=1 &quot;$file&quot;"/>
					<Clean command="/usr/bin/make -f &quot;/Users/admin/putao_ios/privchat/imsdk/Makefile&quot;  VERBOSE=1 clean"/>
					<DistClean command="/usr/bin/make -f &quot;/Users/admin/putao_ios/privchat/imsdk/Makefile&quot;  VERBOSE=1 clean"/>
				</MakeCommands>
			</Target>
			<Target title="list_install_components">
				<Option working_dir="/Users/admin/putao_ios/privchat/imsdk"/>
				<Option type="4"/>
				<MakeCommands>
					<Build command="/usr/bin/make -f &quot;/Users/admin/putao_ios/privchat/imsdk/Makefile&quot;  VERBOSE=1 list_install_components"/>
					<CompileFile command="/usr/bin/make -f &quot;/Users/admin/putao_ios/privchat/imsdk/Makefile&quot;  VERBOSE=1 &quot;$file&quot;"/>
					<Clean command="/usr/bin/make -f &quot;/Users/admin/putao_ios/privchat/imsdk/Makefile&quot;  VERBOSE=1 clean"/>
					<DistClean command="/usr/bin/make -f &quot;/Users/admin/putao_ios/privchat/imsdk/Makefile&quot;  VERBOSE=1 clean"/>
				</MakeCommands>
			</Target>
			<Target title="rebuild_cache">
				<Option working_dir="/Users/admin/putao_ios/privchat/imsdk"/>
				<Option type="4"/>
				<MakeCommands>
					<Build command="/usr/bin/make -f &quot;/Users/admin/putao_ios/privchat/imsdk/Makefile&quot;  VERBOSE=1 rebuild_cache"/>
					<CompileFile command="/usr/bin/make -f &quot;/Users/admin/putao_ios/privchat/imsdk/Makefile&quot;  VERBOSE=1 &quot;$file&quot;"/>
					<Clean command="/usr/bin/make -f &quot;/Users/admin/putao_ios/privchat/imsdk/Makefile&quot;  VERBOSE=1 clean"/>
					<DistClean command="/usr/bin/make -f &quot;/Users/admin/putao_ios/privchat/imsdk/Makefile&quot;  VERBOSE=1 clean"/>
				</MakeCommands>
			</Target>
			<Target title="edit_cache">
				<Option working_dir="/Users/admin/putao_ios/privchat/imsdk"/>
				<Option type="4"/>
				<MakeCommands>
					<Build command="/usr/bin/make -f &quot;/Users/admin/putao_ios/privchat/imsdk/Makefile&quot;  VERBOSE=1 edit_cache"/>
					<CompileFile command="/usr/bin/make -f &quot;/Users/admin/putao_ios/privchat/imsdk/Makefile&quot;  VERBOSE=1 &quot;$file&quot;"/>
					<Clean command="/usr/bin/make -f &quot;/Users/admin/putao_ios/privchat/imsdk/Makefile&quot;  VERBOSE=1 clean"/>
					<DistClean command="/usr/bin/make -f &quot;/Users/admin/putao_ios/privchat/imsdk/Makefile&quot;  VERBOSE=1 clean"/>
				</MakeCommands>
			</Target>
			<Target title="demo">
				<Option output="/Users/admin/putao_ios/privchat/imsdk/demo" prefix_auto="0" extension_auto="0"/>
				<Option working_dir="/Users/admin/putao_ios/privchat/imsdk"/>
				<Option object_output="./"/>
				<Option type="1"/>
				<Option compiler="gcc"/>
				<Compiler>
					<Add directory="/Users/admin/putao_ios/privchat/imsdk/./include/mac"/>
				</Compiler>
				<MakeCommands>
					<Build command="/usr/bin/make -f &quot;/Users/admin/putao_ios/privchat/imsdk/Makefile&quot;  VERBOSE=1 demo"/>
					<CompileFile command="/usr/bin/make -f &quot;/Users/admin/putao_ios/privchat/imsdk/Makefile&quot;  VERBOSE=1 &quot;$file&quot;"/>
					<Clean command="/usr/bin/make -f &quot;/Users/admin/putao_ios/privchat/imsdk/Makefile&quot;  VERBOSE=1 clean"/>
					<DistClean command="/usr/bin/make -f &quot;/Users/admin/putao_ios/privchat/imsdk/Makefile&quot;  VERBOSE=1 clean"/>
				</MakeCommands>
			</Target>
			<Target title="demo/fast">
				<Option output="/Users/admin/putao_ios/privchat/imsdk/demo" prefix_auto="0" extension_auto="0"/>
				<Option working_dir="/Users/admin/putao_ios/privchat/imsdk"/>
				<Option object_output="./"/>
				<Option type="1"/>
				<Option compiler="gcc"/>
				<Compiler>
					<Add directory="/Users/admin/putao_ios/privchat/imsdk/./include/mac"/>
				</Compiler>
				<MakeCommands>
					<Build command="/usr/bin/make -f &quot;/Users/admin/putao_ios/privchat/imsdk/Makefile&quot;  VERBOSE=1 demo/fast"/>
					<CompileFile command="/usr/bin/make -f &quot;/Users/admin/putao_ios/privchat/imsdk/Makefile&quot;  VERBOSE=1 &quot;$file&quot;"/>
					<Clean command="/usr/bin/make -f &quot;/Users/admin/putao_ios/privchat/imsdk/Makefile&quot;  VERBOSE=1 clean"/>
					<DistClean command="/usr/bin/make -f &quot;/Users/admin/putao_ios/privchat/imsdk/Makefile&quot;  VERBOSE=1 clean"/>
				</MakeCommands>
			</Target>
			<Target title="privchat">
				<Option output="/Users/admin/putao_ios/privchat/imsdk/libprivchat.a" prefix_auto="0" extension_auto="0"/>
				<Option working_dir="/Users/admin/putao_ios/privchat/imsdk"/>
				<Option object_output="./"/>
				<Option type="2"/>
				<Option compiler="gcc"/>
				<Compiler>
					<Add directory="/Users/admin/putao_ios/privchat/imsdk/./include/mac"/>
				</Compiler>
				<MakeCommands>
					<Build command="/usr/bin/make -f &quot;/Users/admin/putao_ios/privchat/imsdk/Makefile&quot;  VERBOSE=1 privchat"/>
					<CompileFile command="/usr/bin/make -f &quot;/Users/admin/putao_ios/privchat/imsdk/Makefile&quot;  VERBOSE=1 &quot;$file&quot;"/>
					<Clean command="/usr/bin/make -f &quot;/Users/admin/putao_ios/privchat/imsdk/Makefile&quot;  VERBOSE=1 clean"/>
					<DistClean command="/usr/bin/make -f &quot;/Users/admin/putao_ios/privchat/imsdk/Makefile&quot;  VERBOSE=1 clean"/>
				</MakeCommands>
			</Target>
			<Target title="privchat/fast">
				<Option output="/Users/admin/putao_ios/privchat/imsdk/libprivchat.a" prefix_auto="0" extension_auto="0"/>
				<Option working_dir="/Users/admin/putao_ios/privchat/imsdk"/>
				<Option object_output="./"/>
				<Option type="2"/>
				<Option compiler="gcc"/>
				<Compiler>
					<Add directory="/Users/admin/putao_ios/privchat/imsdk/./include/mac"/>
				</Compiler>
				<MakeCommands>
					<Build command="/usr/bin/make -f &quot;/Users/admin/putao_ios/privchat/imsdk/Makefile&quot;  VERBOSE=1 privchat/fast"/>
					<CompileFile command="/usr/bin/make -f &quot;/Users/admin/putao_ios/privchat/imsdk/Makefile&quot;  VERBOSE=1 &quot;$file&quot;"/>
					<Clean command="/usr/bin/make -f &quot;/Users/admin/putao_ios/privchat/imsdk/Makefile&quot;  VERBOSE=1 clean"/>
					<DistClean command="/usr/bin/make -f &quot;/Users/admin/putao_ios/privchat/imsdk/Makefile&quot;  VERBOSE=1 clean"/>
				</MakeCommands>
			</Target>
		</Build>
		<Unit filename="/Users/admin/putao_ios/privchat/imsdk/Client.cpp">
			<Option target="privchat"/>
		</Unit>
		<Unit filename="/Users/admin/putao_ios/privchat/imsdk/Client.h">
			<Option target="privchat"/>
		</Unit>
		<Unit filename="/Users/admin/putao_ios/privchat/imsdk/ClientImpl.cpp">
			<Option target="privchat"/>
		</Unit>
		<Unit filename="/Users/admin/putao_ios/privchat/imsdk/ClientImpl.h">
			<Option target="privchat"/>
		</Unit>
		<Unit filename="/Users/admin/putao_ios/privchat/imsdk/ObjectMapper.cpp">
			<Option target="privchat"/>
		</Unit>
		<Unit filename="/Users/admin/putao_ios/privchat/imsdk/ObjectMapper.h">
			<Option target="privchat"/>
		</Unit>
		<Unit filename="/Users/admin/putao_ios/privchat/imsdk/Packet.cpp">
			<Option target="privchat"/>
		</Unit>
		<Unit filename="/Users/admin/putao_ios/privchat/imsdk/Packet.h">
			<Option target="privchat"/>
		</Unit>
		<Unit filename="/Users/admin/putao_ios/privchat/imsdk/Tcp.cpp">
			<Option target="privchat"/>
		</Unit>
		<Unit filename="/Users/admin/putao_ios/privchat/imsdk/Tcp.h">
			<Option target="privchat"/>
		</Unit>
		<Unit filename="/Users/admin/putao_ios/privchat/imsdk/Timer.cpp">
			<Option target="privchat"/>
		</Unit>
		<Unit filename="/Users/admin/putao_ios/privchat/imsdk/Timer.h">
			<Option target="privchat"/>
		</Unit>
		<Unit filename="/Users/admin/putao_ios/privchat/imsdk/Tool.cpp">
			<Option target="privchat"/>
		</Unit>
		<Unit filename="/Users/admin/putao_ios/privchat/imsdk/Tool.h">
			<Option target="privchat"/>
		</Unit>
		<Unit filename="/Users/admin/putao_ios/privchat/imsdk/main.cpp">
			<Option target="demo"/>
		</Unit>
		<Unit filename="/Users/admin/putao_ios/privchat/imsdk/proto/chat.authenticate.pb.cc">
			<Option target="privchat"/>
		</Unit>
		<Unit filename="/Users/admin/putao_ios/privchat/imsdk/proto/chat.base.pb.cc">
			<Option target="privchat"/>
		</Unit>
		<Unit filename="/Users/admin/putao_ios/privchat/imsdk/proto/chat.contacts.pb.cc">
			<Option target="privchat"/>
		</Unit>
		<Unit filename="/Users/admin/putao_ios/privchat/imsdk/proto/chat.message.pb.cc">
			<Option target="privchat"/>
		</Unit>
		<Unit filename="/Users/admin/putao_ios/privchat/imsdk/proto/chat.notification.pb.cc">
			<Option target="privchat"/>
		</Unit>
		<Unit filename="/Users/admin/putao_ios/privchat/imsdk/proto/chat.user.pb.cc">
			<Option target="privchat"/>
		</Unit>
		<Unit filename="/Users/admin/putao_ios/privchat/imsdk/CMakeLists.txt">
			<Option virtualFolder="CMake Files\"/>
		</Unit>
	</Project>
</CodeBlocks_project_file>
